// !$*UTF8*$!
{
	archiveVersion = 1;
	classes = {
	};
	objectVersion = 46;
	objects = {

/* Begin PBXBuildFile section */
		932A10991F259F6A00347296 /* AppDelegate.swift in Sources */ = {isa = PBXBuildFile; fileRef = 932A10981F259F6A00347296 /* AppDelegate.swift */; };
		932A109B1F259F6A00347296 /* ViewController.swift in Sources */ = {isa = PBXBuildFile; fileRef = 932A109A1F259F6A00347296 /* ViewController.swift */; };
		932A109E1F259F6A00347296 /* Main.storyboard in Resources */ = {isa = PBXBuildFile; fileRef = 932A109C1F259F6A00347296 /* Main.storyboard */; };
		932A10A01F259F6A00347296 /* Assets.xcassets in Resources */ = {isa = PBXBuildFile; fileRef = 932A109F1F259F6A00347296 /* Assets.xcassets */; };
		932A10A31F259F6A00347296 /* LaunchScreen.storyboard in Resources */ = {isa = PBXBuildFile; fileRef = 932A10A11F259F6A00347296 /* LaunchScreen.storyboard */; };
		932A10AB1F259FF600347296 /* PasswordAlertView.swift in Sources */ = {isa = PBXBuildFile; fileRef = 932A10AA1F259FF600347296 /* PasswordAlertView.swift */; };
/* End PBXBuildFile section */

/* Begin PBXFileReference section */
		932A10951F259F6A00347296 /* SwiftPassword.app */ = {isa = PBXFileReference; explicitFileType = wrapper.application; includeInIndex = 0; path = SwiftPassword.app; sourceTree = BUILT_PRODUCTS_DIR; };
		932A10981F259F6A00347296 /* AppDelegate.swift */ = {isa = PBXFileReference; lastKnownFileType = sourcecode.swift; path = AppDelegate.swift; sourceTree = "<group>"; };
		932A109A1F259F6A00347296 /* ViewController.swift */ = {isa = PBXFileReference; lastKnownFileType = sourcecode.swift; path = ViewController.swift; sourceTree = "<group>"; };
		932A109D1F259F6A00347296 /* Base */ = {isa = PBXFileReference; lastKnownFileType = file.storyboard; name = Base; path = Base.lproj/Main.storyboard; sourceTree = "<group>"; };
		932A109F1F259F6A00347296 /* Assets.xcassets */ = {isa = PBXFileReference; lastKnownFileType = folder.assetcatalog; path = Assets.xcassets; sourceTree = "<group>"; };
		932A10A21F259F6A00347296 /* Base */ = {isa = PBXFileReference; lastKnownFileType = file.storyboard; name = Base; path = Base.lproj/LaunchScreen.storyboard; sourceTree = "<group>"; };
		932A10A41F259F6A00347296 /* Info.plist */ = {isa = PBXFileReference; lastKnownFileType = text.plist.xml; path = Info.plist; sourceTree = "<group>"; };
		932A10AA1F259FF600347296 /* PasswordAlertView.swift */ = {isa = PBXFileReference; fileEncoding = 4; lastKnownFileType = sourcecode.swift; path = PasswordAlertView.swift; sourceTree = "<group>"; };
/* End PBXFileReference section */

/* Begin PBXFrameworksBuildPhase section */
		932A10921F259F6A00347296 /* Frameworks */ = {
			isa = PBXFrameworksBuildPhase;
			buildActionMask = 2147483647;
			files = (
			);
			runOnlyForDeploymentPostprocessing = 0;
		};
/* End PBXFrameworksBuildPhase section */

/* Begin PBXGroup section */
		932A108C1F259F6A00347296 = {
			isa = PBXGroup;
			children = (
				932A10971F259F6A00347296 /* SwiftPassword */,
				932A10961F259F6A00347296 /* Products */,
			);
			sourceTree = "<group>";
		};
		932A10961F259F6A00347296 /* Products */ = {
			isa = PBXGroup;
			children = (
				932A10951F259F6A00347296 /* SwiftPassword.app */,
			);
			name = Products;
			sourceTree = "<group>";
		};
		932A10971F259F6A00347296 /* SwiftPassword */ = {
			isa = PBXGroup;
			children = (
				932A10981F259F6A00347296 /* AppDelegate.swift */,
				932A109A1F259F6A00347296 /* ViewController.swift */,
				932A10AA1F259FF600347296 /* PasswordAlertView.swift */,
				932A109C1F259F6A00347296 /* Main.storyboard */,
				932A109F1F259F6A00347296 /* Assets.xcassets */,
				932A10A11F259F6A00347296 /* LaunchScreen.storyboard */,
				932A10A41F259F6A00347296 /* Info.plist */,
			);
			path = SwiftPassword;
			sourceTree = "<group>";
		};
/* End PBXGroup section */

/* Begin PBXNativeTarget section */
		932A10941F259F6A00347296 /* SwiftPassword */ = {
			isa = PBXNativeTarget;
			buildConfigurationList = 932A10A71F259F6A00347296 /* Build configuration list for PBXNativeTarget "SwiftPassword" */;
			buildPhases = (
				932A10911F259F6A00347296 /* Sources */,
				932A10921F259F6A00347296 /* Frameworks */,
				932A10931F259F6A00347296 /* Resources */,
			);
			buildRules = (
			);
			dependencies = (
			);
			name = SwiftPassword;
			productName = SwiftPassword;
			productReference = 932A10951F259F6A00347296 /* SwiftPassword.app */;
			productType = "com.apple.product-type.application";
		};
/* End PBXNativeTarget section */

/* Begin PBXProject section */
		932A108D1F259F6A00347296 /* Project object */ = {
			isa = PBXProject;
			attributes = {
				LastSwiftUpdateCheck = 0830;
				LastUpgradeCheck = 0830;
				ORGANIZATIONNAME = "王涛";
				TargetAttributes = {
					932A10941F259F6A00347296 = {
						CreatedOnToolsVersion = 8.3.3;
						DevelopmentTeam = 2KN6539LSM;
						ProvisioningStyle = Automatic;
					};
				};
			};
			buildConfigurationList = 932A10901F259F6A00347296 /* Build configuration list for PBXProject "SwiftPassword" */;
			compatibilityVersion = "Xcode 3.2";
			developmentRegion = English;
			hasScannedForEncodings = 0;
			knownRegions = (
				en,
				Base,
			);
			mainGroup = 932A108C1F259F6A00347296;
			productRefGroup = 932A10961F259F6A00347296 /* Products */;
			projectDirPath = "";
			projectRoot = "";
			targets = (
				932A10941F259F6A00347296 /* SwiftPassword */,
			);
		};
/* End PBXProject section */

/* Begin PBXResourcesBuildPhase section */
		932A10931F259F6A00347296 /* Resources */ = {
			isa = PBXResourcesBuildPhase;
			buildActionMask = 2147483647;
			files = (
				932A10A31F259F6A00347296 /* LaunchScreen.storyboard in Resources */,
				932A10A01F259F6A00347296 /* Assets.xcassets in Resources */,
				932A109E1F259F6A00347296 /* Main.storyboard in Resources */,
			);
			runOnlyForDeploymentPostprocessing = 0;
		};
/* End PBXResourcesBuildPhase section */

/* Begin PBXSourcesBuildPhase section */
		932A10911F259F6A00347296 /* Sources */ = {
			isa = PBXSourcesBuildPhase;
			buildActionMask = 2147483647;
			files = (
				932A10AB1F259FF600347296 /* PasswordAlertView.swift in Sources */,
				932A109B1F259F6A00347296 /* ViewController.swift in Sources */,
				932A10991F259F6A00347296 /* AppDelegate.swift in Sources */,
			);
			runOnlyForDeploymentPostprocessing = 0;
		};
/* End PBXSourcesBuildPhase section */

/* Begin PBXVariantGroup section */
		932A109C1F259F6A00347296 /* Main.storyboard */ = {
			isa = PBXVariantGroup;
			children = (
				932A109D1F259F6A00347296 /* Base */,
			);
			name = Main.storyboard;
			sourceTree = "<group>";
		};
		932A10A11F259F6A00347296 /* LaunchScreen.storyboard */ = {
			isa = PBXVariantGroup;
			children = (
				932A10A21F259F6A00347296 /* Base */,
			);
			name = LaunchScreen.storyboard;
			sourceTree = "<group>";
		};
/* End PBXVariantGroup section */

/* Begin XCBuildConfiguration section */
		932A10A51F259F6A00347296 /* Debug */ = {
			isa = XCBuildConfiguration;
			buildSettings = {
				ALWAYS_SEARCH_USER_PATHS = NO;
				CLANG_ANALYZER_NONNULL = YES;
				CLANG_ANALYZER_NUMBER_OBJECT_CONVERSION = YES_AGGRESSIVE;
				CLANG_CXX_LANGUAGE_STANDARD = "gnu++0x";
				CLANG_CXX_LIBRARY = "libc++";
				CLANG_ENABLE_MODULES = YES;
				CLANG_ENABLE_OBJC_ARC = YES;
				CLANG_WARN_BOOL_CONVERSION = YES;
				CLANG_WARN_CONSTANT_CONVERSION = YES;
				CLANG_WARN_DIRECT_OBJC_ISA_USAGE = YES_ERROR;
				CLANG_WARN_DOCUMENTATION_COMMENTS = YES;
				CLANG_WARN_EMPTY_BODY = YES;
				CLANG_WARN_ENUM_CONVERSION = YES;
				CLANG_WARN_INFINITE_RECURSION = YES;
				CLANG_WARN_INT_CONVERSION = YES;
				CLANG_WARN_OBJC_ROOT_CLASS = YES_ERROR;
				CLANG_WARN_SUSPICIOUS_MOVE = YES;
				CLANG_WARN_UNREACHABLE_CODE = YES;
				CLANG_WARN__DUPLICATE_METHOD_MATCH = YES;
				"CODE_SIGN_IDENTITY[sdk=iphoneos*]" = "iPhone Developer";
				COPY_PHASE_STRIP = NO;
				DEBUG_INFORMATION_FORMAT = dwarf;
				ENABLE_STRICT_OBJC_MSGSEND = YES;
				ENABLE_TESTABILITY = YES;
				GCC_C_LANGUAGE_STANDARD = gnu99;
				GCC_DYNAMIC_NO_PIC = NO;
				GCC_NO_COMMON_BLOCKS = YES;
				GCC_OPTIMIZATION_LEVEL = 0;
				GCC_PREPROCESSOR_DEFINITIONS = (
					"DEBUG=1",
					"$(inherited)",
				);
				GCC_WARN_64_TO_32_BIT_CONVERSION = YES;
				GCC_WARN_ABOUT_RETURN_TYPE = YES_ERROR;
				GCC_WARN_UNDECLARED_SELECTOR = YES;
				GCC_WARN_UNINITIALIZED_AUTOS = YES_AGGRESSIVE;
				GCC_WARN_UNUSED_FUNCTION = YES;
				GCC_WARN_UNUSED_VARIABLE = YES;
				IPHONEOS_DEPLOYMENT_TARGET = 10.3;
				MTL_ENABLE_DEBUG_INFO = YES;
				ONLY_ACTIVE_ARCH = YES;
				SDKROOT = iphoneos;
				SWIFT_ACTIVE_COMPILATION_CONDITIONS = DEBUG;
				SWIFT_OPTIMIZATION_LEVEL = "-Onone";
				TARGETED_DEVICE_FAMILY = "1,2";
			};
			name = Debug;
		};
		932A10A61F259F6A00347296 /* Release */ = {
			isa = XCBuildConfiguration;
			buildSettings = {
				ALWAYS_SEARCH_USER_PATHS = NO;
				CLANG_ANALYZER_NONNULL = YES;
				CLANG_ANALYZER_NUMBER_OBJECT_CONVERSION = YES_AGGRESSIVE;
				CLANG_CXX_LANGUAGE_STANDARD = "gnu++0x";
				CLANG_CXX_LIBRARY = "libc++";
				CLANG_ENABLE_MODULES = YES;
				CLANG_ENABLE_OBJC_ARC = YES;
				CLANG_WARN_BOOL_CONVERSION = YES;
				CLANG_WARN_CONSTANT_CONVERSION = YES;
				CLANG_WARN_DIRECT_OBJC_ISA_USAGE = YES_ERROR;
				CLANG_WARN_DOCUMENTATION_COMMENTS = YES;
				CLANG_WARN_EMPTY_BODY = YES;
				CLANG_WARN_ENUM_CONVERSION = YES;
				CLANG_WARN_INFINITE_RECURSION = YES;
				CLANG_WARN_INT_CONVERSION = YES;
				CLANG_WARN_OBJC_ROOT_CLASS = YES_ERROR;
				CLANG_WARN_SUSPICIOUS_MOVE = YES;
				CLANG_WARN_UNREACHABLE_CODE = YES;
				CLANG_WARN__DUPLICATE_METHOD_MATCH = YES;
				"CODE_SIGN_IDENTITY[sdk=iphoneos*]" = "iPhone Developer";
				COPY_PHASE_STRIP = NO;
				DEBUG_INFORMATION_FORMAT = "dwarf-with-dsym";
				ENABLE_NS_ASSERTIONS = NO;
				ENABLE_STRICT_OBJC_MSGSEND = YES;
				GCC_C_LANGUAGE_STANDARD = gnu99;
				GCC_NO_COMMON_BLOCKS = YES;
				GCC_WARN_64_TO_32_BIT_CONVERSION = YES;
				GCC_WARN_ABOUT_RETURN_TYPE = YES_ERROR;
				GCC_WARN_UNDECLARED_SELECTOR = YES;
				GCC_WARN_UNINITIALIZED_AUTOS = YES_AGGRESSIVE;
				GCC_WARN_UNUSED_FUNCTION = YES;
				GCC_WARN_UNUSED_VARIABLE = YES;
				IPHONEOS_DEPLOYMENT_TARGET = 10.3;
				MTL_ENABLE_DEBUG_INFO = NO;
				SDKROOT = iphoneos;
				SWIFT_OPTIMIZATION_LEVEL = "-Owholemodule";
				TARGETED_DEVICE_FAMILY = "1,2";
				VALIDATE_PRODUCT = YES;
			};
			name = Release;
		};
		932A10A81F259F6A00347296 /* Debug */ = {
			isa = XCBuildConfiguration;
			buildSettings = {
				ASSETCATALOG_COMPILER_APPICON_NAME = AppIcon;
				DEVELOPMENT_TEAM = 2KN6539LSM;
				INFOPLIST_FILE = SwiftPassword/Info.plist;
				LD_RUNPATH_SEARCH_PATHS = "$(inherited) @executable_path/Frameworks";
				PRODUCT_BUNDLE_IDENTIFIER = wangtao.SwiftPassword;
				PRODUCT_NAME = "$(TARGET_NAME)";
				SWIFT_VERSION = 3.0;
			};
			name = Debug;
		};
		932A10A91F259F6A00347296 /* Release */ = {
			isa = XCBuildConfiguration;
			buildSettings = {
				ASSETCATALOG_COMPILER_APPICON_NAME = AppIcon;
				DEVELOPMENT_TEAM = 2KN6539LSM;
				INFOPLIST_FILE = SwiftPassword/Info.plist;
				LD_RUNPATH_SEARCH_PATHS = "$(inherited) @executable_path/Frameworks";
				PRODUCT_BUNDLE_IDENTIFIER = wangtao.SwiftPassword;
				PRODUCT_NAME = "$(TARGET_NAME)";
				SWIFT_VERSION = 3.0;
			};
			name = Release;
		};
/* End XCBuildConfiguration section */

/* Begin XCConfigurationList section */
		932A10901F259F6A00347296 /* Build configuration list for PBXProject "SwiftPassword" */ = {
			isa = XCConfigurationList;
			buildConfigurations = (
				932A10A51F259F6A00347296 /* Debug */,
				932A10A61F259F6A00347296 /* Release */,
			);
			defaultConfigurationIsVisible = 0;
			defaultConfigurationName = Release;
		};
		932A10A71F259F6A00347296 /* Build configuration list for PBXNativeTarget "SwiftPassword" */ = {
			isa = XCConfigurationList;
			buildConfigurations = (
				932A10A81F259F6A00347296 /* Debug */,
				932A10A91F259F6A00347296 /* Release */,
			);
			defaultConfigurationIsVisible = 0;
		};
/* End XCConfigurationList section */
	};
	rootObject = 932A108D1F259F6A00347296 /* Project object */;
}
